Microsoft Visual Studio Solution File, Format Version 12.00
# Visual Studio Version 16
VisualStudioVersion = 16.0.29503.13
MinimumVisualStudioVersion = 10.0.40219.1
Project("{FAE04EC0-301F-11D3-BF4B-00C04F79EFBC}") = "Vendr.PaymentProvider.Mollie", "src\Vendr.PaymentProvider.Mollie\Vendr.PaymentProvider.Mollie.csproj", "{1AC2CE83-B474-4776-BE0C-227FED386D5F}"
EndProject
Global
	GlobalSection(SolutionConfigurationPlatforms) = preSolution
		Debug|Any CPU = Debug|Any CPU
		Release|Any CPU = Release|Any CPU
	EndGlobalSection
	GlobalSection(ProjectConfigurationPlatforms) = postSolution
		{1AC2CE83-B474-4776-BE0C-227FED386D5F}.Debug|Any CPU.ActiveCfg = Debug|Any CPU
		{1AC2CE83-B474-4776-BE0C-227FED386D5F}.Debug|Any CPU.Build.0 = Debug|Any CPU
		{1AC2CE83-B474-4776-BE0C-227FED386D5F}.Release|Any CPU.ActiveCfg = Release|Any CPU
		{1AC2CE83-B474-4776-BE0C-227FED386D5F}.Release|Any CPU.Build.0 = Release|Any CPU
	EndGlobalSection
	GlobalSection(SolutionProperties) = preSolution
		HideSolutionNode = FALSE
	EndGlobalSection
	GlobalSection(ExtensibilityGlobals) = postSolution
		SolutionGuid = {B3A08DA4-571B-4CE5-A04A-7F7E8EC953F1}
	EndGlobalSection
EndGlobal
